// !$*UTF8*$!
{
	archiveVersion = 1;
	classes = {
	};
	objectVersion = 46;
	objects = {

/* Begin PBXBuildFile section */
		BD5D00F51F26098500DC13AF /* AppDelegate.swift in Sources */ = {isa = PBXBuildFile; fileRef = BD5D00F41F26098500DC13AF /* AppDelegate.swift */; };
		BD5D00F71F26098500DC13AF /* ViewController.swift in Sources */ = {isa = PBXBuildFile; fileRef = BD5D00F61F26098500DC13AF /* ViewController.swift */; };
		BD5D00FA1F26098500DC13AF /* Main.storyboard in Resources */ = {isa = PBXBuildFile; fileRef = BD5D00F81F26098500DC13AF /* Main.storyboard */; };
		BD5D00FD1F26098500DC13AF /* Shoe_Collector.xcdatamodeld in Sources */ = {isa = PBXBuildFile; fileRef = BD5D00FB1F26098500DC13AF /* Shoe_Collector.xcdatamodeld */; };
		BD5D00FF1F26098500DC13AF /* Assets.xcassets in Resources */ = {isa = PBXBuildFile; fileRef = BD5D00FE1F26098500DC13AF /* Assets.xcassets */; };
		BD5D01021F26098500DC13AF /* LaunchScreen.storyboard in Resources */ = {isa = PBXBuildFile; fileRef = BD5D01001F26098500DC13AF /* LaunchScreen.storyboard */; };
		BD5D010A1F260BD400DC13AF /* CreateGameViewController.swift in Sources */ = {isa = PBXBuildFile; fileRef = BD5D01091F260BD400DC13AF /* CreateGameViewController.swift */; };
		BD5D010C1F2753B600DC13AF /* 5084806-1333047114-50245.jpg in Resources */ = {isa = PBXBuildFile; fileRef = BD5D010B1F2753B600DC13AF /* 5084806-1333047114-50245.jpg */; };
/* End PBXBuildFile section */

/* Begin PBXFileReference section */
		BD5D00F11F26098500DC13AF /* Shoe Collector.app */ = {isa = PBXFileReference; explicitFileType = wrapper.application; includeInIndex = 0; path = "Shoe Collector.app"; sourceTree = BUILT_PRODUCTS_DIR; };
		BD5D00F41F26098500DC13AF /* AppDelegate.swift */ = {isa = PBXFileReference; lastKnownFileType = sourcecode.swift; path = AppDelegate.swift; sourceTree = "<group>"; };
		BD5D00F61F26098500DC13AF /* ViewController.swift */ = {isa = PBXFileReference; lastKnownFileType = sourcecode.swift; path = ViewController.swift; sourceTree = "<group>"; };
		BD5D00F91F26098500DC13AF /* Base */ = {isa = PBXFileReference; lastKnownFileType = file.storyboard; name = Base; path = Base.lproj/Main.storyboard; sourceTree = "<group>"; };
		BD5D00FC1F26098500DC13AF /* Shoe_Collector.xcdatamodel */ = {isa = PBXFileReference; lastKnownFileType = wrapper.xcdatamodel; path = Shoe_Collector.xcdatamodel; sourceTree = "<group>"; };
		BD5D00FE1F26098500DC13AF /* Assets.xcassets */ = {isa = PBXFileReference; lastKnownFileType = folder.assetcatalog; path = Assets.xcassets; sourceTree = "<group>"; };
		BD5D01011F26098500DC13AF /* Base */ = {isa = PBXFileReference; lastKnownFileType = file.storyboard; name = Base; path = Base.lproj/LaunchScreen.storyboard; sourceTree = "<group>"; };
		BD5D01031F26098500DC13AF /* Info.plist */ = {isa = PBXFileReference; lastKnownFileType = text.plist.xml; path = Info.plist; sourceTree = "<group>"; };
		BD5D01091F260BD400DC13AF /* CreateGameViewController.swift */ = {isa = PBXFileReference; fileEncoding = 4; lastKnownFileType = sourcecode.swift; path = CreateGameViewController.swift; sourceTree = "<group>"; };
		BD5D010B1F2753B600DC13AF /* 5084806-1333047114-50245.jpg */ = {isa = PBXFileReference; lastKnownFileType = image.jpeg; path = "5084806-1333047114-50245.jpg"; sourceTree = "<group>"; };
/* End PBXFileReference section */

/* Begin PBXFrameworksBuildPhase section */
		BD5D00EE1F26098500DC13AF /* Frameworks */ = {
			isa = PBXFrameworksBuildPhase;
			buildActionMask = 2147483647;
			files = (
			);
			runOnlyForDeploymentPostprocessing = 0;
		};
/* End PBXFrameworksBuildPhase section */

/* Begin PBXGroup section */
		BD5D00E81F26098500DC13AF = {
			isa = PBXGroup;
			children = (
				BD5D00F31F26098500DC13AF /* Shoe Collector */,
				BD5D00F21F26098500DC13AF /* Products */,
			);
			sourceTree = "<group>";
		};
		BD5D00F21F26098500DC13AF /* Products */ = {
			isa = PBXGroup;
			children = (
				BD5D00F11F26098500DC13AF /* Shoe Collector.app */,
			);
			name = Products;
			sourceTree = "<group>";
		};
		BD5D00F31F26098500DC13AF /* Shoe Collector */ = {
			isa = PBXGroup;
			children = (
				BD5D010B1F2753B600DC13AF /* 5084806-1333047114-50245.jpg */,
				BD5D00F41F26098500DC13AF /* AppDelegate.swift */,
				BD5D00F61F26098500DC13AF /* ViewController.swift */,
				BD5D01091F260BD400DC13AF /* CreateGameViewController.swift */,
				BD5D00F81F26098500DC13AF /* Main.storyboard */,
				BD5D00FE1F26098500DC13AF /* Assets.xcassets */,
				BD5D01001F26098500DC13AF /* LaunchScreen.storyboard */,
				BD5D01031F26098500DC13AF /* Info.plist */,
				BD5D00FB1F26098500DC13AF /* Shoe_Collector.xcdatamodeld */,
			);
			path = "Shoe Collector";
			sourceTree = "<group>";
		};
/* End PBXGroup section */

/* Begin PBXNativeTarget section */
		BD5D00F01F26098500DC13AF /* Shoe Collector */ = {
			isa = PBXNativeTarget;
			buildConfigurationList = BD5D01061F26098500DC13AF /* Build configuration list for PBXNativeTarget "Shoe Collector" */;
			buildPhases = (
				BD5D00ED1F26098500DC13AF /* Sources */,
				BD5D00EE1F26098500DC13AF /* Frameworks */,
				BD5D00EF1F26098500DC13AF /* Resources */,
			);
			buildRules = (
			);
			dependencies = (
			);
			name = "Shoe Collector";
			productName = "Shoe Collector";
			productReference = BD5D00F11F26098500DC13AF /* Shoe Collector.app */;
			productType = "com.apple.product-type.application";
		};
/* End PBXNativeTarget section */

/* Begin PBXProject section */
		BD5D00E91F26098500DC13AF /* Project object */ = {
			isa = PBXProject;
			attributes = {
				LastSwiftUpdateCheck = 0830;
				LastUpgradeCheck = 0830;
				ORGANIZATIONNAME = "Zach Butcher";
				TargetAttributes = {
					BD5D00F01F26098500DC13AF = {
						CreatedOnToolsVersion = 8.3.3;
						ProvisioningStyle = Automatic;
					};
				};
			};
			buildConfigurationList = BD5D00EC1F26098500DC13AF /* Build configuration list for PBXProject "Shoe Collector" */;
			compatibilityVersion = "Xcode 3.2";
			developmentRegion = English;
			hasScannedForEncodings = 0;
			knownRegions = (
				en,
				Base,
			);
			mainGroup = BD5D00E81F26098500DC13AF;
			productRefGroup = BD5D00F21F26098500DC13AF /* Products */;
			projectDirPath = "";
			projectRoot = "";
			targets = (
				BD5D00F01F26098500DC13AF /* Shoe Collector */,
			);
		};
/* End PBXProject section */

/* Begin PBXResourcesBuildPhase section */
		BD5D00EF1F26098500DC13AF /* Resources */ = {
			isa = PBXResourcesBuildPhase;
			buildActionMask = 2147483647;
			files = (
				BD5D01021F26098500DC13AF /* LaunchScreen.storyboard in Resources */,
				BD5D00FF1F26098500DC13AF /* Assets.xcassets in Resources */,
				BD5D00FA1F26098500DC13AF /* Main.storyboard in Resources */,
				BD5D010C1F2753B600DC13AF /* 5084806-1333047114-50245.jpg in Resources */,
			);
			runOnlyForDeploymentPostprocessing = 0;
		};
/* End PBXResourcesBuildPhase section */

/* Begin PBXSourcesBuildPhase section */
		BD5D00ED1F26098500DC13AF /* Sources */ = {
			isa = PBXSourcesBuildPhase;
			buildActionMask = 2147483647;
			files = (
				BD5D00FD1F26098500DC13AF /* Shoe_Collector.xcdatamodeld in Sources */,
				BD5D00F71F26098500DC13AF /* ViewController.swift in Sources */,
				BD5D010A1F260BD400DC13AF /* CreateGameViewController.swift in Sources */,
				BD5D00F51F26098500DC13AF /* AppDelegate.swift in Sources */,
			);
			runOnlyForDeploymentPostprocessing = 0;
		};
/* End PBXSourcesBuildPhase section */

/* Begin PBXVariantGroup section */
		BD5D00F81F26098500DC13AF /* Main.storyboard */ = {
			isa = PBXVariantGroup;
			children = (
				BD5D00F91F26098500DC13AF /* Base */,
			);
			name = Main.storyboard;
			sourceTree = "<group>";
		};
		BD5D01001F26098500DC13AF /* LaunchScreen.storyboard */ = {
			isa = PBXVariantGroup;
			children = (
				BD5D01011F26098500DC13AF /* Base */,
			);
			name = LaunchScreen.storyboard;
			sourceTree = "<group>";
		};
/* End PBXVariantGroup section */

/* Begin XCBuildConfiguration section */
		BD5D01041F26098500DC13AF /* Debug */ = {
			isa = XCBuildConfiguration;
			buildSettings = {
				ALWAYS_SEARCH_USER_PATHS = NO;
				CLANG_ANALYZER_NONNULL = YES;
				CLANG_ANALYZER_NUMBER_OBJECT_CONVERSION = YES_AGGRESSIVE;
				CLANG_CXX_LANGUAGE_STANDARD = "gnu++0x";
				CLANG_CXX_LIBRARY = "libc++";
				CLANG_ENABLE_MODULES = YES;
				CLANG_ENABLE_OBJC_ARC = YES;
				CLANG_WARN_BOOL_CONVERSION = YES;
				CLANG_WARN_CONSTANT_CONVERSION = YES;
				CLANG_WARN_DIRECT_OBJC_ISA_USAGE = YES_ERROR;
				CLANG_WARN_DOCUMENTATION_COMMENTS = YES;
				CLANG_WARN_EMPTY_BODY = YES;
				CLANG_WARN_ENUM_CONVERSION = YES;
				CLANG_WARN_INFINITE_RECURSION = YES;
				CLANG_WARN_INT_CONVERSION = YES;
				CLANG_WARN_OBJC_ROOT_CLASS = YES_ERROR;
				CLANG_WARN_SUSPICIOUS_MOVE = YES;
				CLANG_WARN_UNREACHABLE_CODE = YES;
				CLANG_WARN__DUPLICATE_METHOD_MATCH = YES;
				"CODE_SIGN_IDENTITY[sdk=iphoneos*]" = "iPhone Developer";
				COPY_PHASE_STRIP = NO;
				DEBUG_INFORMATION_FORMAT = dwarf;
				ENABLE_STRICT_OBJC_MSGSEND = YES;
				ENABLE_TESTABILITY = YES;
				GCC_C_LANGUAGE_STANDARD = gnu99;
				GCC_DYNAMIC_NO_PIC = NO;
				GCC_NO_COMMON_BLOCKS = YES;
				GCC_OPTIMIZATION_LEVEL = 0;
				GCC_PREPROCESSOR_DEFINITIONS = (
					"DEBUG=1",
					"$(inherited)",
				);
				GCC_WARN_64_TO_32_BIT_CONVERSION = YES;
				GCC_WARN_ABOUT_RETURN_TYPE = YES_ERROR;
				GCC_WARN_UNDECLARED_SELECTOR = YES;
				GCC_WARN_UNINITIALIZED_AUTOS = YES_AGGRESSIVE;
				GCC_WARN_UNUSED_FUNCTION = YES;
				GCC_WARN_UNUSED_VARIABLE = YES;
				IPHONEOS_DEPLOYMENT_TARGET = 10.3;
				MTL_ENABLE_DEBUG_INFO = YES;
				ONLY_ACTIVE_ARCH = YES;
				SDKROOT = iphoneos;
				SWIFT_ACTIVE_COMPILATION_CONDITIONS = DEBUG;
				SWIFT_OPTIMIZATION_LEVEL = "-Onone";
				TARGETED_DEVICE_FAMILY = "1,2";
			};
			name = Debug;
		};
		BD5D01051F26098500DC13AF /* Release */ = {
			isa = XCBuildConfiguration;
			buildSettings = {
				ALWAYS_SEARCH_USER_PATHS = NO;
				CLANG_ANALYZER_NONNULL = YES;
				CLANG_ANALYZER_NUMBER_OBJECT_CONVERSION = YES_AGGRESSIVE;
				CLANG_CXX_LANGUAGE_STANDARD = "gnu++0x";
				CLANG_CXX_LIBRARY = "libc++";
				CLANG_ENABLE_MODULES = YES;
				CLANG_ENABLE_OBJC_ARC = YES;
				CLANG_WARN_BOOL_CONVERSION = YES;
				CLANG_WARN_CONSTANT_CONVERSION = YES;
				CLANG_WARN_DIRECT_OBJC_ISA_USAGE = YES_ERROR;
				CLANG_WARN_DOCUMENTATION_COMMENTS = YES;
				CLANG_WARN_EMPTY_BODY = YES;
				CLANG_WARN_ENUM_CONVERSION = YES;
				CLANG_WARN_INFINITE_RECURSION = YES;
				CLANG_WARN_INT_CONVERSION = YES;
				CLANG_WARN_OBJC_ROOT_CLASS = YES_ERROR;
				CLANG_WARN_SUSPICIOUS_MOVE = YES;
				CLANG_WARN_UNREACHABLE_CODE = YES;
				CLANG_WARN__DUPLICATE_METHOD_MATCH = YES;
				"CODE_SIGN_IDENTITY[sdk=iphoneos*]" = "iPhone Developer";
				COPY_PHASE_STRIP = NO;
				DEBUG_INFORMATION_FORMAT = "dwarf-with-dsym";
				ENABLE_NS_ASSERTIONS = NO;
				ENABLE_STRICT_OBJC_MSGSEND = YES;
				GCC_C_LANGUAGE_STANDARD = gnu99;
				GCC_NO_COMMON_BLOCKS = YES;
				GCC_WARN_64_TO_32_BIT_CONVERSION = YES;
				GCC_WARN_ABOUT_RETURN_TYPE = YES_ERROR;
				GCC_WARN_UNDECLARED_SELECTOR = YES;
				GCC_WARN_UNINITIALIZED_AUTOS = YES_AGGRESSIVE;
				GCC_WARN_UNUSED_FUNCTION = YES;
				GCC_WARN_UNUSED_VARIABLE = YES;
				IPHONEOS_DEPLOYMENT_TARGET = 10.3;
				MTL_ENABLE_DEBUG_INFO = NO;
				SDKROOT = iphoneos;
				SWIFT_OPTIMIZATION_LEVEL = "-Owholemodule";
				TARGETED_DEVICE_FAMILY = "1,2";
				VALIDATE_PRODUCT = YES;
			};
			name = Release;
		};
		BD5D01071F26098500DC13AF /* Debug */ = {
			isa = XCBuildConfiguration;
			buildSettings = {
				ASSETCATALOG_COMPILER_APPICON_NAME = AppIcon;
				INFOPLIST_FILE = "Shoe Collector/Info.plist";
				LD_RUNPATH_SEARCH_PATHS = "$(inherited) @executable_path/Frameworks";
				PRODUCT_BUNDLE_IDENTIFIER = "nerdobservation.Shoe-Collector";
				PRODUCT_NAME = "$(TARGET_NAME)";
				SWIFT_VERSION = 3.0;
			};
			name = Debug;
		};
		BD5D01081F26098500DC13AF /* Release */ = {
			isa = XCBuildConfiguration;
			buildSettings = {
				ASSETCATALOG_COMPILER_APPICON_NAME = AppIcon;
				INFOPLIST_FILE = "Shoe Collector/Info.plist";
				LD_RUNPATH_SEARCH_PATHS = "$(inherited) @executable_path/Frameworks";
				PRODUCT_BUNDLE_IDENTIFIER = "nerdobservation.Shoe-Collector";
				PRODUCT_NAME = "$(TARGET_NAME)";
				SWIFT_VERSION = 3.0;
			};
			name = Release;
		};
/* End XCBuildConfiguration section */

/* Begin XCConfigurationList section */
		BD5D00EC1F26098500DC13AF /* Build configuration list for PBXProject "Shoe Collector" */ = {
			isa = XCConfigurationList;
			buildConfigurations = (
				BD5D01041F26098500DC13AF /* Debug */,
				BD5D01051F26098500DC13AF /* Release */,
			);
			defaultConfigurationIsVisible = 0;
			defaultConfigurationName = Release;
		};
		BD5D01061F26098500DC13AF /* Build configuration list for PBXNativeTarget "Shoe Collector" */ = {
			isa = XCConfigurationList;
			buildConfigurations = (
				BD5D01071F26098500DC13AF /* Debug */,
				BD5D01081F26098500DC13AF /* Release */,
			);
			defaultConfigurationIsVisible = 0;
		};
/* End XCConfigurationList section */

/* Begin XCVersionGroup section */
		BD5D00FB1F26098500DC13AF /* Shoe_Collector.xcdatamodeld */ = {
			isa = XCVersionGroup;
			children = (
				BD5D00FC1F26098500DC13AF /* Shoe_Collector.xcdatamodel */,
			);
			currentVersion = BD5D00FC1F26098500DC13AF /* Shoe_Collector.xcdatamodel */;
			path = Shoe_Collector.xcdatamodeld;
			sourceTree = "<group>";
			versionGroupType = wrapper.xcdatamodel;
		};
/* End XCVersionGroup section */
	};
	rootObject = BD5D00E91F26098500DC13AF /* Project object */;
}
